
Microsoft Visual Studio Solution File, Format Version 12.00
# Visual Studio Version 17
VisualStudioVersion = 17.2.32516.85
MinimumVisualStudioVersion = 10.0.40219.1
Project("{FAE04EC0-301F-11D3-BF4B-00C04F79EFBC}") = "ThreeCases", "ThreeCases\ThreeCases.csproj", "{2953B0B8-D87E-4D46-A768-2CF96005975C}"
EndProject
Project("{FAE04EC0-301F-11D3-BF4B-00C04F79EFBC}") = "ClassLibrary", "ClassLibrary\ClassLibrary.csproj", "{8F601A46-683E-4B3E-9035-F3CA21D2E793}"
EndProject
Project("{FAE04EC0-301F-11D3-BF4B-00C04F79EFBC}") = "ClassTest", "ClassTest\ClassTest.csproj", "{8DC3050F-1DEF-408C-B5CE-5A41A04D28B9}"
EndProject
Global
	GlobalSection(SolutionConfigurationPlatforms) = preSolution
		Debug|Any CPU = Debug|Any CPU
		Release|Any CPU = Release|Any CPU
	EndGlobalSection
	GlobalSection(ProjectConfigurationPlatforms) = postSolution
		{2953B0B8-D87E-4D46-A768-2CF96005975C}.Debug|Any CPU.ActiveCfg = Debug|Any CPU
		{2953B0B8-D87E-4D46-A768-2CF96005975C}.Debug|Any CPU.Build.0 = Debug|Any CPU
		{2953B0B8-D87E-4D46-A768-2CF96005975C}.Release|Any CPU.ActiveCfg = Release|Any CPU
		{2953B0B8-D87E-4D46-A768-2CF96005975C}.Release|Any CPU.Build.0 = Release|Any CPU
		{8F601A46-683E-4B3E-9035-F3CA21D2E793}.Debug|Any CPU.ActiveCfg = Debug|Any CPU
		{8F601A46-683E-4B3E-9035-F3CA21D2E793}.Debug|Any CPU.Build.0 = Debug|Any CPU
		{8F601A46-683E-4B3E-9035-F3CA21D2E793}.Release|Any CPU.ActiveCfg = Release|Any CPU
		{8F601A46-683E-4B3E-9035-F3CA21D2E793}.Release|Any CPU.Build.0 = Release|Any CPU
		{8DC3050F-1DEF-408C-B5CE-5A41A04D28B9}.Debug|Any CPU.ActiveCfg = Debug|Any CPU
		{8DC3050F-1DEF-408C-B5CE-5A41A04D28B9}.Debug|Any CPU.Build.0 = Debug|Any CPU
		{8DC3050F-1DEF-408C-B5CE-5A41A04D28B9}.Release|Any CPU.ActiveCfg = Release|Any CPU
		{8DC3050F-1DEF-408C-B5CE-5A41A04D28B9}.Release|Any CPU.Build.0 = Release|Any CPU
	EndGlobalSection
	GlobalSection(SolutionProperties) = preSolution
		HideSolutionNode = FALSE
	EndGlobalSection
	GlobalSection(ExtensibilityGlobals) = postSolution
		SolutionGuid = {25ABAE98-C330-461A-B5F0-682F60C53412}
	EndGlobalSection
EndGlobal
